
Microsoft Visual Studio Solution File, Format Version 12.00
# Visual Studio Version 17
VisualStudioVersion = 17.11.35431.28
MinimumVisualStudioVersion = 10.0.40219.1
Project("{2150E333-8FDC-42A3-9474-1A3956D46DE8}") = "Core", "Core", "{D7CF80EC-709B-4EFA-B30C-E8C4A331E12D}"
EndProject
Project("{FAE04EC0-301F-11D3-BF4B-00C04F79EFBC}") = "CarBook.Domain", "Core\CarBook.Domain\CarBook.Domain.csproj", "{E83303DE-F6F4-45FB-B3B5-D406F78FC76A}"
EndProject
Global
	GlobalSection(SolutionConfigurationPlatforms) = preSolution
		Debug|Any CPU = Debug|Any CPU
		Release|Any CPU = Release|Any CPU
	EndGlobalSection
	GlobalSection(ProjectConfigurationPlatforms) = postSolution
		{E83303DE-F6F4-45FB-B3B5-D406F78FC76A}.Debug|Any CPU.ActiveCfg = Debug|Any CPU
		{E83303DE-F6F4-45FB-B3B5-D406F78FC76A}.Debug|Any CPU.Build.0 = Debug|Any CPU
		{E83303DE-F6F4-45FB-B3B5-D406F78FC76A}.Release|Any CPU.ActiveCfg = Release|Any CPU
		{E83303DE-F6F4-45FB-B3B5-D406F78FC76A}.Release|Any CPU.Build.0 = Release|Any CPU
	EndGlobalSection
	GlobalSection(SolutionProperties) = preSolution
		HideSolutionNode = FALSE
	EndGlobalSection
	GlobalSection(NestedProjects) = preSolution
		{E83303DE-F6F4-45FB-B3B5-D406F78FC76A} = {D7CF80EC-709B-4EFA-B30C-E8C4A331E12D}
	EndGlobalSection
	GlobalSection(ExtensibilityGlobals) = postSolution
		SolutionGuid = {449A112F-B105-4A38-8AA7-787C2FFCB8A2}
	EndGlobalSection
EndGlobal
